<?xml version="1.0" encoding="utf-8"?>
<Project ToolsVersion="4.0" xmlns="http://schemas.microsoft.com/developer/msbuild/2003">
  <ItemGroup>
    <Filter Include="Source Files">
      <UniqueIdentifier>{4FC737F1-C7A5-4376-A066-2A32D752A2FF}</UniqueIdentifier>
      <Extensions>cpp;c;cc;cxx;c++;cppm;ixx;def;odl;idl;hpj;bat;asm;asmx</Extensions>
    </Filter>
    <Filter Include="Header Files">
      <UniqueIdentifier>{93995380-89BD-4b04-88EB-625FBE52EBFB}</UniqueIdentifier>
      <Extensions>h;hh;hpp;hxx;h++;hm;inl;inc;ipp;xsd</Extensions>
    </Filter>
    <Filter Include="Resource Files">
      <UniqueIdentifier>{67DA6AB6-F800-4c08-8B7A-83BB121AAD01}</UniqueIdentifier>
      <Extensions>rc;ico;cur;bmp;dlg;rc2;rct;bin;rgs;gif;jpg;jpeg;jpe;resx;tiff;tif;png;wav;mfcribbon-ms</Extensions>
    </Filter>
    <Filter Include="Header Files\IOFile">
      <UniqueIdentifier>{455bb454-90ae-4258-8606-a64f7c7a6e8b}</UniqueIdentifier>
    </Filter>
    <Filter Include="Source Files\IOFile">
      <UniqueIdentifier>{8509b659-779d-4ddc-9c4b-f3621253225e}</UniqueIdentifier>
    </Filter>
    <Filter Include="Header Files\Board">
      <UniqueIdentifier>{fbc762bc-3c33-4e97-b1c6-79a9d89ca24d}</UniqueIdentifier>
    </Filter>
    <Filter Include="Source Files\Board">
      <UniqueIdentifier>{4dda6baa-ffb9-4a13-8dec-644a3e978cb8}</UniqueIdentifier>
    </Filter>
    <Filter Include="Header Files\Hand">
      <UniqueIdentifier>{1ea952cc-4669-448c-b3bd-fe364b6c169c}</UniqueIdentifier>
    </Filter>
    <Filter Include="Source Files\Hand">
      <UniqueIdentifier>{d0ea5caa-d7ec-4b7d-a680-30049db6e112}</UniqueIdentifier>
    </Filter>
    <Filter Include="Header Files\Game">
      <UniqueIdentifier>{305af574-1e28-46ce-a38c-f6cd195091e7}</UniqueIdentifier>
    </Filter>
    <Filter Include="Source Files\Game">
      <UniqueIdentifier>{cf14dc71-9ca8-4706-9d65-357141003a44}</UniqueIdentifier>
    </Filter>
    <Filter Include="Header Files\Card">
      <UniqueIdentifier>{36746a17-aada-4bf6-be44-aab08ded1a9a}</UniqueIdentifier>
    </Filter>
    <Filter Include="Source Files\Card">
      <UniqueIdentifier>{c32e23d2-db11-43ec-a1bf-d40c49d69de5}</UniqueIdentifier>
    </Filter>
    <Filter Include="Header Files\Rank">
      <UniqueIdentifier>{4be0cd10-0a79-4c1f-b122-3107445af423}</UniqueIdentifier>
    </Filter>
    <Filter Include="Source Files\Rank">
      <UniqueIdentifier>{2a338a38-06f6-4e54-aedc-0c48f6d8feeb}</UniqueIdentifier>
    </Filter>
  </ItemGroup>
  <ItemGroup>
    <ClCompile Include="OmahaHiLo.cpp">
      <Filter>Source Files</Filter>
    </ClCompile>
    <ClCompile Include="OmahaIO.cpp">
      <Filter>Source Files\IOFile</Filter>
    </ClCompile>
    <ClCompile Include="OmahaBoard.cpp">
      <Filter>Source Files\Board</Filter>
    </ClCompile>
    <ClCompile Include="OmahaHand.cpp">
      <Filter>Source Files\Hand</Filter>
    </ClCompile>
    <ClCompile Include="OmahaGame.cpp">
      <Filter>Source Files\Game</Filter>
    </ClCompile>
    <ClCompile Include="Card.cpp">
      <Filter>Source Files\Card</Filter>
    </ClCompile>
    <ClCompile Include="Rank.cpp">
      <Filter>Source Files\Rank</Filter>
    </ClCompile>
  </ItemGroup>
  <ItemGroup>
    <ClInclude Include="OmahaIO.h">
      <Filter>Header Files\IOFile</Filter>
    </ClInclude>
    <ClInclude Include="OmahaBoard.h">
      <Filter>Header Files\Board</Filter>
    </ClInclude>
    <ClInclude Include="OmahaHand.h">
      <Filter>Header Files\Hand</Filter>
    </ClInclude>
    <ClInclude Include="OmahaGame.h">
      <Filter>Header Files\Game</Filter>
    </ClInclude>
    <ClInclude Include="Card.h">
      <Filter>Header Files\Card</Filter>
    </ClInclude>
    <ClInclude Include="Rank.h">
      <Filter>Header Files\Rank</Filter>
    </ClInclude>
  </ItemGroup>
</Project>